
Microsoft Visual Studio Solution File, Format Version 12.00
# Visual Studio Version 17
VisualStudioVersion = 17.8.34309.116
MinimumVisualStudioVersion = 10.0.40219.1
Project("{FAE04EC0-301F-11D3-BF4B-00C04F79EFBC}") = "CoD_Command_Center", "CoD_Command_Center\CoD_Command_Center.csproj", "{68B0F844-A90C-4896-B07B-74099023D219}"
EndProject
Global
	GlobalSection(SolutionConfigurationPlatforms) = preSolution
		Debug|Any CPU = Debug|Any CPU
		Release|Any CPU = Release|Any CPU
	EndGlobalSection
	GlobalSection(ProjectConfigurationPlatforms) = postSolution
		{68B0F844-A90C-4896-B07B-74099023D219}.Debug|Any CPU.ActiveCfg = Debug|Any CPU
		{68B0F844-A90C-4896-B07B-74099023D219}.Debug|Any CPU.Build.0 = Debug|Any CPU
		{68B0F844-A90C-4896-B07B-74099023D219}.Release|Any CPU.ActiveCfg = Release|Any CPU
		{68B0F844-A90C-4896-B07B-74099023D219}.Release|Any CPU.Build.0 = Release|Any CPU
	EndGlobalSection
	GlobalSection(SolutionProperties) = preSolution
		HideSolutionNode = FALSE
	EndGlobalSection
	GlobalSection(ExtensibilityGlobals) = postSolution
		SolutionGuid = {76B2E6C2-CDE9-4672-87D3-A1E3F7B5A58C}
	EndGlobalSection
EndGlobal
